version = 1
requires-python = ">=3.8, <3.13"

[manifest]
members = [
    "dagster-pipes",
]

[[package]]
name = "dagster-pipes"
version = "1!0+dev"
source = { editable = "python_modules/dagster-pipes" }

[[package]]
name = "ruff"
version = "0.5.5"
source = { registry = "https://pypi.org/simple" }
sdist = { url = "https://files.pythonhosted.org/packages/95/15/3945cfecfd3de874633d2466327ebb01eabf4f61f962a0dd4bf5ce2dc997/ruff-0.5.5.tar.gz", hash = "sha256:cc5516bdb4858d972fbc31d246bdb390eab8df1a26e2353be2dbc0c2d7f5421a", size = 2434890 }
wheels = [
    { url = "https://files.pythonhosted.org/packages/2c/4d/f9e5e37369b22d74588fe496e82d2aa2fff508f0c05b34c38374194f5a8e/ruff-0.5.5-py3-none-linux_armv6l.whl", hash = "sha256:605d589ec35d1da9213a9d4d7e7a9c761d90bba78fc8790d1c5e65026c1b9eaf", size = 9505926 },
    { url = "https://files.pythonhosted.org/packages/b3/48/ee53a87351dd03472cf1cb8073019a53a7282e4295e7ae62d7f5ae24202a/ruff-0.5.5-py3-none-macosx_10_12_x86_64.whl", hash = "sha256:00817603822a3e42b80f7c3298c8269e09f889ee94640cd1fc7f9329788d7bf8", size = 8585187 },
    { url = "https://files.pythonhosted.org/packages/a2/ec/2c0bd5ec0965672bb2957abf6e44d93c2c7aab2ceb4251ea77eb9234ffd3/ruff-0.5.5-py3-none-macosx_11_0_arm64.whl", hash = "sha256:187a60f555e9f865a2ff2c6984b9afeffa7158ba6e1eab56cb830404c942b0f3", size = 8175846 },
    { url = "https://files.pythonhosted.org/packages/8d/d7/e476f96c013d59af08b7b155f2beee03e7595915718573c724a01681bea8/ruff-0.5.5-py3-none-manylinux_2_17_aarch64.manylinux2014_aarch64.whl", hash = "sha256:fe26fc46fa8c6e0ae3f47ddccfbb136253c831c3289bba044befe68f467bfb16", size = 9948714 },
    { url = "https://files.pythonhosted.org/packages/dd/da/00269f4905b5ceab77f64ec9ed2e8f848ccba68884b66b2423c9f8962878/ruff-0.5.5-py3-none-manylinux_2_17_armv7l.manylinux2014_armv7l.whl", hash = "sha256:4ad25dd9c5faac95c8e9efb13e15803cd8bbf7f4600645a60ffe17c73f60779b", size = 9299822 },
    { url = "https://files.pythonhosted.org/packages/c3/ce/8784906480809b5b43cfbb346bddcc3b9e8716fd73927e4d70fb5260c18e/ruff-0.5.5-py3-none-manylinux_2_17_i686.manylinux2014_i686.whl", hash = "sha256:f70737c157d7edf749bcb952d13854e8f745cec695a01bdc6e29c29c288fc36e", size = 10100197 },
    { url = "https://files.pythonhosted.org/packages/42/a4/4f4796e6b440ed42ec8486e19fe9b9489d94f13c2debf49e68ed58af5d0b/ruff-0.5.5-py3-none-manylinux_2_17_ppc64.manylinux2014_ppc64.whl", hash = "sha256:cfd7de17cef6ab559e9f5ab859f0d3296393bc78f69030967ca4d87a541b97a0", size = 10813891 },
    { url = "https://files.pythonhosted.org/packages/a0/a4/9a0084212e0b2810beadd993f1b36f156438465a4d4193fd5bb2ab833892/ruff-0.5.5-py3-none-manylinux_2_17_ppc64le.manylinux2014_ppc64le.whl", hash = "sha256:a09b43e02f76ac0145f86a08e045e2ea452066f7ba064fd6b0cdccb486f7c3e7", size = 10439725 },
    { url = "https://files.pythonhosted.org/packages/8e/f7/4480e739af49f66f04edf2b1dd7ac6fa5e55639491e47267dbfa70d62488/ruff-0.5.5-py3-none-manylinux_2_17_s390x.manylinux2014_s390x.whl", hash = "sha256:d0b856cb19c60cd40198be5d8d4b556228e3dcd545b4f423d1ad812bfdca5884", size = 11358405 },
    { url = "https://files.pythonhosted.org/packages/0e/fd/7a6e01b8098c3375ce694427956a8192c708941051cebd279b988304a753/ruff-0.5.5-py3-none-manylinux_2_17_x86_64.manylinux2014_x86_64.whl", hash = "sha256:3687d002f911e8a5faf977e619a034d159a8373514a587249cc00f211c67a091", size = 10130793 },
    { url = "https://files.pythonhosted.org/packages/2f/4a/ba83ca67da7e81a8a191da36f3f6a350243210518c78c2e809fb25cac6c4/ruff-0.5.5-py3-none-musllinux_1_2_aarch64.whl", hash = "sha256:ac9dc814e510436e30d0ba535f435a7f3dc97f895f844f5b3f347ec8c228a523", size = 9910666 },
    { url = "https://files.pythonhosted.org/packages/3f/6d/c982a93907559fa5cb62fd68c74b21662a4f088a09ad27f813244c7379c1/ruff-0.5.5-py3-none-musllinux_1_2_armv7l.whl", hash = "sha256:af9bdf6c389b5add40d89b201425b531e0a5cceb3cfdcc69f04d3d531c6be74f", size = 9365153 },
    { url = "https://files.pythonhosted.org/packages/be/a6/b3dbdb4505086d80ab8202c8592ad90a811fc328dc4a5966e065cda12dcc/ruff-0.5.5-py3-none-musllinux_1_2_i686.whl", hash = "sha256:d40a8533ed545390ef8315b8e25c4bb85739b90bd0f3fe1280a29ae364cc55d8", size = 9736802 },
    { url = "https://files.pythonhosted.org/packages/4d/ba/b850fa0925ce59bc0bce412d18a9633a92126f23153f970437a51be711f0/ruff-0.5.5-py3-none-musllinux_1_2_x86_64.whl", hash = "sha256:cab904683bf9e2ecbbe9ff235bfe056f0eba754d0168ad5407832928d579e7ab", size = 10198368 },
    { url = "https://files.pythonhosted.org/packages/56/db/a9162178c90cada13f4c9bed9860947a1c5a79d7ecadd27250c67681dc81/ruff-0.5.5-py3-none-win32.whl", hash = "sha256:696f18463b47a94575db635ebb4c178188645636f05e934fdf361b74edf1bb2d", size = 7798506 },
    { url = "https://files.pythonhosted.org/packages/c9/5b/13288039ea8190c121b70f1a11be2c4830cb3ebb57dc91d91fc5d3c65fc6/ruff-0.5.5-py3-none-win_amd64.whl", hash = "sha256:50f36d77f52d4c9c2f1361ccbfbd09099a1b2ea5d2b2222c586ab08885cf3445", size = 8611739 },
    { url = "https://files.pythonhosted.org/packages/ba/b3/525847f73ab956053b130ec9f5d1ea078d94282b1d5eda90c09b8a81a935/ruff-0.5.5-py3-none-win_arm64.whl", hash = "sha256:3191317d967af701f1b73a31ed5788795936e423b7acce82a2b63e26eb3e89d6", size = 8039120 },
]
