# This file is generated by running "yarn install" inside your project.
# Manual changes might be lost - proceed with caution!

__metadata:
  version: 8
  cacheKey: 10

"@babel/code-frame@npm:^7.0.0, @babel/code-frame@npm:^7.27.1":
  version: 7.27.1
  resolution: "@babel/code-frame@npm:7.27.1"
  dependencies:
    "@babel/helper-validator-identifier": "npm:^7.27.1"
    js-tokens: "npm:^4.0.0"
    picocolors: "npm:^1.1.1"
  checksum: 10/721b8a6e360a1fa0f1c9fe7351ae6c874828e119183688b533c477aa378f1010f37cc9afbfc4722c686d1f5cdd00da02eab4ba7278a0c504fa0d7a321dcd4fdf
  languageName: node
  linkType: hard

"@babel/compat-data@npm:^7.27.2":
  version: 7.28.5
  resolution: "@babel/compat-data@npm:7.28.5"
  checksum: 10/5a5ff00b187049e847f04bd02e21fbd8094544e5016195c2b45e56fa2e311eeb925b158f52a85624c9e6bacc1ce0323e26c303513723d918a8034e347e22610d
  languageName: node
  linkType: hard

"@babel/core@npm:*":
  version: 7.28.5
  resolution: "@babel/core@npm:7.28.5"
  dependencies:
    "@babel/code-frame": "npm:^7.27.1"
    "@babel/generator": "npm:^7.28.5"
    "@babel/helper-compilation-targets": "npm:^7.27.2"
    "@babel/helper-module-transforms": "npm:^7.28.3"
    "@babel/helpers": "npm:^7.28.4"
    "@babel/parser": "npm:^7.28.5"
    "@babel/template": "npm:^7.27.2"
    "@babel/traverse": "npm:^7.28.5"
    "@babel/types": "npm:^7.28.5"
    "@jridgewell/remapping": "npm:^2.3.5"
    convert-source-map: "npm:^2.0.0"
    debug: "npm:^4.1.0"
    gensync: "npm:^1.0.0-beta.2"
    json5: "npm:^2.2.3"
    semver: "npm:^6.3.1"
  checksum: 10/2f1e224125179f423f4300d605a0c5a3ef315003281a63b1744405b2605ee2a2ffc5b1a8349aa4f262c72eca31c7e1802377ee04ad2b852a2c88f8ace6cac324
  languageName: node
  linkType: hard

"@babel/generator@npm:^7.28.5":
  version: 7.28.5
  resolution: "@babel/generator@npm:7.28.5"
  dependencies:
    "@babel/parser": "npm:^7.28.5"
    "@babel/types": "npm:^7.28.5"
    "@jridgewell/gen-mapping": "npm:^0.3.12"
    "@jridgewell/trace-mapping": "npm:^0.3.28"
    jsesc: "npm:^3.0.2"
  checksum: 10/ae618f0a17a6d76c3983e1fd5d9c2f5fdc07703a119efdb813a7d9b8ad4be0a07d4c6f0d718440d2de01a68e321f64e2d63c77fc5d43ae47ae143746ef28ac1f
  languageName: node
  linkType: hard

"@babel/helper-compilation-targets@npm:^7.27.2":
  version: 7.27.2
  resolution: "@babel/helper-compilation-targets@npm:7.27.2"
  dependencies:
    "@babel/compat-data": "npm:^7.27.2"
    "@babel/helper-validator-option": "npm:^7.27.1"
    browserslist: "npm:^4.24.0"
    lru-cache: "npm:^5.1.1"
    semver: "npm:^6.3.1"
  checksum: 10/bd53c30a7477049db04b655d11f4c3500aea3bcbc2497cf02161de2ecf994fec7c098aabbcebe210ffabc2ecbdb1e3ffad23fb4d3f18723b814f423ea1749fe8
  languageName: node
  linkType: hard

"@babel/helper-globals@npm:^7.28.0":
  version: 7.28.0
  resolution: "@babel/helper-globals@npm:7.28.0"
  checksum: 10/91445f7edfde9b65dcac47f4f858f68dc1661bf73332060ab67ad7cc7b313421099a2bfc4bda30c3db3842cfa1e86fffbb0d7b2c5205a177d91b22c8d7d9cb47
  languageName: node
  linkType: hard

"@babel/helper-module-imports@npm:^7.27.1":
  version: 7.27.1
  resolution: "@babel/helper-module-imports@npm:7.27.1"
  dependencies:
    "@babel/traverse": "npm:^7.27.1"
    "@babel/types": "npm:^7.27.1"
  checksum: 10/58e792ea5d4ae71676e0d03d9fef33e886a09602addc3bd01388a98d87df9fcfd192968feb40ac4aedb7e287ec3d0c17b33e3ecefe002592041a91d8a1998a8d
  languageName: node
  linkType: hard

"@babel/helper-module-transforms@npm:^7.28.3":
  version: 7.28.3
  resolution: "@babel/helper-module-transforms@npm:7.28.3"
  dependencies:
    "@babel/helper-module-imports": "npm:^7.27.1"
    "@babel/helper-validator-identifier": "npm:^7.27.1"
    "@babel/traverse": "npm:^7.28.3"
  peerDependencies:
    "@babel/core": ^7.0.0
  checksum: 10/598fdd8aa5b91f08542d0ba62a737847d0e752c8b95ae2566bc9d11d371856d6867d93e50db870fb836a6c44cfe481c189d8a2b35ca025a224f070624be9fa87
  languageName: node
  linkType: hard

"@babel/helper-string-parser@npm:^7.27.1":
  version: 7.27.1
  resolution: "@babel/helper-string-parser@npm:7.27.1"
  checksum: 10/0ae29cc2005084abdae2966afdb86ed14d41c9c37db02c3693d5022fba9f5d59b011d039380b8e537c34daf117c549f52b452398f576e908fb9db3c7abbb3a00
  languageName: node
  linkType: hard

"@babel/helper-validator-identifier@npm:^7.27.1, @babel/helper-validator-identifier@npm:^7.28.5":
  version: 7.28.5
  resolution: "@babel/helper-validator-identifier@npm:7.28.5"
  checksum: 10/8e5d9b0133702cfacc7f368bf792f0f8ac0483794877c6dca5fcb73810ee138e27527701826fb58a40a004f3a5ec0a2f3c3dd5e326d262530b119918f3132ba7
  languageName: node
  linkType: hard

"@babel/helper-validator-option@npm:^7.27.1":
  version: 7.27.1
  resolution: "@babel/helper-validator-option@npm:7.27.1"
  checksum: 10/db73e6a308092531c629ee5de7f0d04390835b21a263be2644276cb27da2384b64676cab9f22cd8d8dbd854c92b1d7d56fc8517cf0070c35d1c14a8c828b0903
  languageName: node
  linkType: hard

"@babel/helpers@npm:^7.28.4":
  version: 7.28.4
  resolution: "@babel/helpers@npm:7.28.4"
  dependencies:
    "@babel/template": "npm:^7.27.2"
    "@babel/types": "npm:^7.28.4"
  checksum: 10/5a70a82e196cf8808f8a449cc4780c34d02edda2bb136d39ce9d26e63b615f18e89a95472230c3ce7695db0d33e7026efeee56f6454ed43480f223007ed205eb
  languageName: node
  linkType: hard

"@babel/parser@npm:^7.1.6, @babel/parser@npm:^7.27.2, @babel/parser@npm:^7.28.5":
  version: 7.28.5
  resolution: "@babel/parser@npm:7.28.5"
  dependencies:
    "@babel/types": "npm:^7.28.5"
  bin:
    parser: ./bin/babel-parser.js
  checksum: 10/8d9bfb437af6c97a7f6351840b9ac06b4529ba79d6d3def24d6c2996ab38ff7f1f9d301e868ca84a93a3050fadb3d09dbc5105b24634cd281671ac11eebe8df7
  languageName: node
  linkType: hard

"@babel/runtime@npm:*, @babel/runtime@npm:^7.7.2":
  version: 7.26.10
  resolution: "@babel/runtime@npm:7.26.10"
  dependencies:
    regenerator-runtime: "npm:^0.14.0"
  checksum: 10/9d7ff8e96abe3791047c1138789c742411e3ef19c4d7ca18ce916f83cec92c06ec5dc64401759f6dd1e377cf8a01bbd2c62e033eb7550f435cf6579768d0d4a5
  languageName: node
  linkType: hard

"@babel/template@npm:^7.27.2, @babel/template@npm:^7.4.4":
  version: 7.27.2
  resolution: "@babel/template@npm:7.27.2"
  dependencies:
    "@babel/code-frame": "npm:^7.27.1"
    "@babel/parser": "npm:^7.27.2"
    "@babel/types": "npm:^7.27.1"
  checksum: 10/fed15a84beb0b9340e5f81566600dbee5eccd92e4b9cc42a944359b1aa1082373391d9d5fc3656981dff27233ec935d0bc96453cf507f60a4b079463999244d8
  languageName: node
  linkType: hard

"@babel/traverse@npm:^7.1.6, @babel/traverse@npm:^7.27.1, @babel/traverse@npm:^7.28.3, @babel/traverse@npm:^7.28.5":
  version: 7.28.5
  resolution: "@babel/traverse@npm:7.28.5"
  dependencies:
    "@babel/code-frame": "npm:^7.27.1"
    "@babel/generator": "npm:^7.28.5"
    "@babel/helper-globals": "npm:^7.28.0"
    "@babel/parser": "npm:^7.28.5"
    "@babel/template": "npm:^7.27.2"
    "@babel/types": "npm:^7.28.5"
    debug: "npm:^4.3.1"
  checksum: 10/1fce426f5ea494913c40f33298ce219708e703f71cac7ac045ebde64b5a7b17b9275dfa4e05fb92c3f123136913dff62c8113172f4a5de66dab566123dbe7437
  languageName: node
  linkType: hard

"@babel/types@npm:^7.1.6, @babel/types@npm:^7.27.1, @babel/types@npm:^7.28.4, @babel/types@npm:^7.28.5":
  version: 7.28.5
  resolution: "@babel/types@npm:7.28.5"
  dependencies:
    "@babel/helper-string-parser": "npm:^7.27.1"
    "@babel/helper-validator-identifier": "npm:^7.28.5"
  checksum: 10/4256bb9fb2298c4f9b320bde56e625b7091ea8d2433d98dcf524d4086150da0b6555aabd7d0725162670614a9ac5bf036d1134ca13dedc9707f988670f1362d7
  languageName: node
  linkType: hard

"@dagster-io/dagster-ui-workspace@workspace:.":
  version: 0.0.0-use.local
  resolution: "@dagster-io/dagster-ui-workspace@workspace:."
  dependencies:
    graphql.macro: "npm:^1.4.2"
  languageName: unknown
  linkType: soft

"@jridgewell/gen-mapping@npm:^0.3.12, @jridgewell/gen-mapping@npm:^0.3.5":
  version: 0.3.13
  resolution: "@jridgewell/gen-mapping@npm:0.3.13"
  dependencies:
    "@jridgewell/sourcemap-codec": "npm:^1.5.0"
    "@jridgewell/trace-mapping": "npm:^0.3.24"
  checksum: 10/902f8261dcf450b4af7b93f9656918e02eec80a2169e155000cb2059f90113dd98f3ccf6efc6072cee1dd84cac48cade51da236972d942babc40e4c23da4d62a
  languageName: node
  linkType: hard

"@jridgewell/remapping@npm:^2.3.5":
  version: 2.3.5
  resolution: "@jridgewell/remapping@npm:2.3.5"
  dependencies:
    "@jridgewell/gen-mapping": "npm:^0.3.5"
    "@jridgewell/trace-mapping": "npm:^0.3.24"
  checksum: 10/c2bb01856e65b506d439455f28aceacf130d6c023d1d4e3b48705e88def3571753e1a887daa04b078b562316c92d26ce36408a60534bceca3f830aec88a339ad
  languageName: node
  linkType: hard

"@jridgewell/resolve-uri@npm:^3.1.0":
  version: 3.1.2
  resolution: "@jridgewell/resolve-uri@npm:3.1.2"
  checksum: 10/97106439d750a409c22c8bff822d648f6a71f3aa9bc8e5129efdc36343cd3096ddc4eeb1c62d2fe48e9bdd4db37b05d4646a17114ecebd3bbcacfa2de51c3c1d
  languageName: node
  linkType: hard

"@jridgewell/sourcemap-codec@npm:^1.4.14, @jridgewell/sourcemap-codec@npm:^1.5.0":
  version: 1.5.5
  resolution: "@jridgewell/sourcemap-codec@npm:1.5.5"
  checksum: 10/5d9d207b462c11e322d71911e55e21a4e2772f71ffe8d6f1221b8eb5ae6774458c1d242f897fb0814e8714ca9a6b498abfa74dfe4f434493342902b1a48b33a5
  languageName: node
  linkType: hard

"@jridgewell/trace-mapping@npm:^0.3.24, @jridgewell/trace-mapping@npm:^0.3.28":
  version: 0.3.31
  resolution: "@jridgewell/trace-mapping@npm:0.3.31"
  dependencies:
    "@jridgewell/resolve-uri": "npm:^3.1.0"
    "@jridgewell/sourcemap-codec": "npm:^1.4.14"
  checksum: 10/da0283270e691bdb5543806077548532791608e52386cfbbf3b9e8fb00457859d1bd01d512851161c886eb3a2f3ce6fd9bcf25db8edf3bddedd275bd4a88d606
  languageName: node
  linkType: hard

"@types/parse-json@npm:^4.0.0":
  version: 4.0.0
  resolution: "@types/parse-json@npm:4.0.0"
  checksum: 10/4df9de98150d2978afc2161482a3a8e6617883effba3223324f079de97ba7eabd7d84b90ced11c3f82b0c08d4a8383f678c9f73e9c41258f769b3fa234a2bb4f
  languageName: node
  linkType: hard

"babel-literal-to-ast@npm:^2.1.0":
  version: 2.1.0
  resolution: "babel-literal-to-ast@npm:2.1.0"
  dependencies:
    "@babel/parser": "npm:^7.1.6"
    "@babel/traverse": "npm:^7.1.6"
    "@babel/types": "npm:^7.1.6"
  peerDependencies:
    "@babel/core": ^7.1.2
  checksum: 10/19eccc9744dccf06e3a34314413cbf1ab4b2e79fbfbd25a13ff3f105dc66a350db5f91c966e88efa6728cb9570e76503c9c2940334a9e426df634da0635b13cd
  languageName: node
  linkType: hard

"babel-plugin-macros@npm:^2.5.0":
  version: 2.8.0
  resolution: "babel-plugin-macros@npm:2.8.0"
  dependencies:
    "@babel/runtime": "npm:^7.7.2"
    cosmiconfig: "npm:^6.0.0"
    resolve: "npm:^1.12.0"
  checksum: 10/ef1e7a8870f38ec255b9e85a21fc2f1adc8a8a494c3b715ce01fd34cb36fb58b75fd4701dc01807bd8f0bd475364565eb9d3247b53921e39fedc8511aa647af0
  languageName: node
  linkType: hard

"baseline-browser-mapping@npm:^2.9.0":
  version: 2.9.11
  resolution: "baseline-browser-mapping@npm:2.9.11"
  bin:
    baseline-browser-mapping: dist/cli.js
  checksum: 10/d71fe6693f999ee0bf1fcd72b31c01390f2bfac40d179175817f24cdb11b19d14a102227a8fa28e0a4733a17c780458c17384c75f2227e45b0e8a0080caf6532
  languageName: node
  linkType: hard

"browserslist@npm:^4.24.0":
  version: 4.28.1
  resolution: "browserslist@npm:4.28.1"
  dependencies:
    baseline-browser-mapping: "npm:^2.9.0"
    caniuse-lite: "npm:^1.0.30001759"
    electron-to-chromium: "npm:^1.5.263"
    node-releases: "npm:^2.0.27"
    update-browserslist-db: "npm:^1.2.0"
  bin:
    browserslist: cli.js
  checksum: 10/64f2a97de4bce8473c0e5ae0af8d76d1ead07a5b05fc6bc87b848678bb9c3a91ae787b27aa98cdd33fc00779607e6c156000bed58fefb9cf8e4c5a183b994cdb
  languageName: node
  linkType: hard

"callsites@npm:^3.0.0":
  version: 3.1.0
  resolution: "callsites@npm:3.1.0"
  checksum: 10/072d17b6abb459c2ba96598918b55868af677154bec7e73d222ef95a8fdb9bbf7dae96a8421085cdad8cd190d86653b5b6dc55a4484f2e5b2e27d5e0c3fc15b3
  languageName: node
  linkType: hard

"caniuse-lite@npm:^1.0.30001759":
  version: 1.0.30001761
  resolution: "caniuse-lite@npm:1.0.30001761"
  checksum: 10/9ebcef209a08d7c2f3d55b5105fafe48f657b3259a8cdd5842c5445aca9dcb0b6778cae524bde0cd73de508c680222edea594e64954503cbffd992407dbceda2
  languageName: node
  linkType: hard

"convert-source-map@npm:^2.0.0":
  version: 2.0.0
  resolution: "convert-source-map@npm:2.0.0"
  checksum: 10/c987be3ec061348cdb3c2bfb924bec86dea1eacad10550a85ca23edb0fe3556c3a61c7399114f3331ccb3499d7fd0285ab24566e5745929412983494c3926e15
  languageName: node
  linkType: hard

"cosmiconfig@npm:^6.0.0":
  version: 6.0.0
  resolution: "cosmiconfig@npm:6.0.0"
  dependencies:
    "@types/parse-json": "npm:^4.0.0"
    import-fresh: "npm:^3.1.0"
    parse-json: "npm:^5.0.0"
    path-type: "npm:^4.0.0"
    yaml: "npm:^1.7.2"
  checksum: 10/b184d2bfbced9ba6840fd097dbf3455c68b7258249bb9b1277913823d516d8dfdade8c5ccbf79db0ca8ebd4cc9b9be521ccc06a18396bd242d50023c208f1594
  languageName: node
  linkType: hard

"debug@npm:^4.1.0, debug@npm:^4.3.1":
  version: 4.3.4
  resolution: "debug@npm:4.3.4"
  dependencies:
    ms: "npm:2.1.2"
  peerDependenciesMeta:
    supports-color:
      optional: true
  checksum: 10/0073c3bcbd9cb7d71dd5f6b55be8701af42df3e56e911186dfa46fac3a5b9eb7ce7f377dd1d3be6db8977221f8eb333d945216f645cf56f6b688cd484837d255
  languageName: node
  linkType: hard

"electron-to-chromium@npm:^1.5.263":
  version: 1.5.267
  resolution: "electron-to-chromium@npm:1.5.267"
  checksum: 10/05e55e810cb6a3cda8d29dfdeec7ac0e59727a77a796a157f1a1d65edac16d45eed69ed5c99e354872ab16c48967c2d0a0600653051ae380a3b7a4d6210b1e60
  languageName: node
  linkType: hard

"error-ex@npm:^1.3.1":
  version: 1.3.2
  resolution: "error-ex@npm:1.3.2"
  dependencies:
    is-arrayish: "npm:^0.2.1"
  checksum: 10/d547740aa29c34e753fb6fed2c5de81802438529c12b3673bd37b6bb1fe49b9b7abdc3c11e6062fe625d8a296b3cf769a80f878865e25e685f787763eede3ffb
  languageName: node
  linkType: hard

"escalade@npm:^3.2.0":
  version: 3.2.0
  resolution: "escalade@npm:3.2.0"
  checksum: 10/9d7169e3965b2f9ae46971afa392f6e5a25545ea30f2e2dd99c9b0a95a3f52b5653681a84f5b2911a413ddad2d7a93d3514165072f349b5ffc59c75a899970d6
  languageName: node
  linkType: hard

"function-bind@npm:^1.1.2":
  version: 1.1.2
  resolution: "function-bind@npm:1.1.2"
  checksum: 10/185e20d20f10c8d661d59aac0f3b63b31132d492e1b11fcc2a93cb2c47257ebaee7407c38513efd2b35cafdf972d9beb2ea4593c1e0f3bf8f2744836928d7454
  languageName: node
  linkType: hard

"gensync@npm:^1.0.0-beta.2":
  version: 1.0.0-beta.2
  resolution: "gensync@npm:1.0.0-beta.2"
  checksum: 10/17d8333460204fbf1f9160d067e1e77f908a5447febb49424b8ab043026049835c9ef3974445c57dbd39161f4d2b04356d7de12b2eecaa27a7a7ea7d871cbedd
  languageName: node
  linkType: hard

"graphql-tag@npm:^2.10.1":
  version: 2.12.6
  resolution: "graphql-tag@npm:2.12.6"
  dependencies:
    tslib: "npm:^2.1.0"
  peerDependencies:
    graphql: ^0.9.0 || ^0.10.0 || ^0.11.0 || ^0.12.0 || ^0.13.0 || ^14.0.0 || ^15.0.0 || ^16.0.0
  checksum: 10/23a2bc1d3fbeae86444204e0ac08522e09dc369559ba75768e47421a7321b59f352fb5b2c9a5c37d3cf6de890dca4e5ac47e740c7cc622e728572ecaa649089e
  languageName: node
  linkType: hard

"graphql.macro@npm:^1.4.2":
  version: 1.4.2
  resolution: "graphql.macro@npm:1.4.2"
  dependencies:
    "@babel/template": "npm:^7.4.4"
    babel-literal-to-ast: "npm:^2.1.0"
    babel-plugin-macros: "npm:^2.5.0"
    graphql-tag: "npm:^2.10.1"
  checksum: 10/d1b272487aec16393c9af46646c9bcf8d5ea84a5387ce9f2913cd8d9a1845ee77d0299fff211f9eb9fc0d340e749f1c4a8eae84f4862e5ab757d3b9b9333f17c
  languageName: node
  linkType: hard

"graphql@npm:*":
  version: 16.9.0
  resolution: "graphql@npm:16.9.0"
  checksum: 10/5833f82bb6c31bec120bbf9cd400eda873e1bb7ef5c17974fa262cd82dc68728fda5d4cb859dc8aaa4c4fe4f6fe1103a9c47efc01a12c02ae5cb581d8e4029e2
  languageName: node
  linkType: hard

"hasown@npm:^2.0.2":
  version: 2.0.2
  resolution: "hasown@npm:2.0.2"
  dependencies:
    function-bind: "npm:^1.1.2"
  checksum: 10/7898a9c1788b2862cf0f9c345a6bec77ba4a0c0983c7f19d610c382343d4f98fa260686b225dfb1f88393a66679d2ec58ee310c1d6868c081eda7918f32cc70a
  languageName: node
  linkType: hard

"import-fresh@npm:^3.1.0":
  version: 3.3.0
  resolution: "import-fresh@npm:3.3.0"
  dependencies:
    parent-module: "npm:^1.0.0"
    resolve-from: "npm:^4.0.0"
  checksum: 10/2cacfad06e652b1edc50be650f7ec3be08c5e5a6f6d12d035c440a42a8cc028e60a5b99ca08a77ab4d6b1346da7d971915828f33cdab730d3d42f08242d09baa
  languageName: node
  linkType: hard

"is-arrayish@npm:^0.2.1":
  version: 0.2.1
  resolution: "is-arrayish@npm:0.2.1"
  checksum: 10/73ced84fa35e59e2c57da2d01e12cd01479f381d7f122ce41dcbb713f09dbfc651315832cd2bf8accba7681a69e4d6f1e03941d94dd10040d415086360e7005e
  languageName: node
  linkType: hard

"is-core-module@npm:^2.13.0":
  version: 2.15.1
  resolution: "is-core-module@npm:2.15.1"
  dependencies:
    hasown: "npm:^2.0.2"
  checksum: 10/77316d5891d5743854bcef2cd2f24c5458fb69fbc9705c12ca17d54a2017a67d0693bbf1ba8c77af376c0eef6bf6d1b27a4ab08e4db4e69914c3789bdf2ceec5
  languageName: node
  linkType: hard

"js-tokens@npm:^4.0.0":
  version: 4.0.0
  resolution: "js-tokens@npm:4.0.0"
  checksum: 10/af37d0d913fb56aec6dc0074c163cc71cd23c0b8aad5c2350747b6721d37ba118af35abdd8b33c47ec2800de07dedb16a527ca9c530ee004093e04958bd0cbf2
  languageName: node
  linkType: hard

"jsesc@npm:^3.0.2":
  version: 3.1.0
  resolution: "jsesc@npm:3.1.0"
  bin:
    jsesc: bin/jsesc
  checksum: 10/20bd37a142eca5d1794f354db8f1c9aeb54d85e1f5c247b371de05d23a9751ecd7bd3a9c4fc5298ea6fa09a100dafb4190fa5c98c6610b75952c3487f3ce7967
  languageName: node
  linkType: hard

"json-parse-even-better-errors@npm:^2.3.0":
  version: 2.3.1
  resolution: "json-parse-even-better-errors@npm:2.3.1"
  checksum: 10/5f3a99009ed5f2a5a67d06e2f298cc97bc86d462034173308156f15b43a6e850be8511dc204b9b94566305da2947f7d90289657237d210351a39059ff9d666cf
  languageName: node
  linkType: hard

"json5@npm:^2.2.3":
  version: 2.2.3
  resolution: "json5@npm:2.2.3"
  bin:
    json5: lib/cli.js
  checksum: 10/1db67b853ff0de3534085d630691d3247de53a2ed1390ba0ddff681ea43e9b3e30ecbdb65c5e9aab49435e44059c23dbd6fee8ee619419ba37465bb0dd7135da
  languageName: node
  linkType: hard

"lines-and-columns@npm:^1.1.6":
  version: 1.2.4
  resolution: "lines-and-columns@npm:1.2.4"
  checksum: 10/0c37f9f7fa212b38912b7145e1cd16a5f3cd34d782441c3e6ca653485d326f58b3caccda66efce1c5812bde4961bbde3374fae4b0d11bf1226152337f3894aa5
  languageName: node
  linkType: hard

"lru-cache@npm:^5.1.1":
  version: 5.1.1
  resolution: "lru-cache@npm:5.1.1"
  dependencies:
    yallist: "npm:^3.0.2"
  checksum: 10/951d2673dcc64a7fb888bf3d13bc2fdf923faca97d89cdb405ba3dfff77e2b26e5798d405e78fcd7094c9e7b8b4dab2ddc5a4f8a11928af24a207b7c738ca3f8
  languageName: node
  linkType: hard

"ms@npm:2.1.2":
  version: 2.1.2
  resolution: "ms@npm:2.1.2"
  checksum: 10/673cdb2c3133eb050c745908d8ce632ed2c02d85640e2edb3ace856a2266a813b30c613569bf3354fdf4ea7d1a1494add3bfa95e2713baa27d0c2c71fc44f58f
  languageName: node
  linkType: hard

"node-releases@npm:^2.0.27":
  version: 2.0.27
  resolution: "node-releases@npm:2.0.27"
  checksum: 10/f6c78ddb392ae500719644afcbe68a9ea533242c02312eb6a34e8478506eb7482a3fb709c70235b01c32fe65625b68dfa9665113f816d87f163bc3819b62b106
  languageName: node
  linkType: hard

"parent-module@npm:^1.0.0":
  version: 1.0.1
  resolution: "parent-module@npm:1.0.1"
  dependencies:
    callsites: "npm:^3.0.0"
  checksum: 10/6ba8b255145cae9470cf5551eb74be2d22281587af787a2626683a6c20fbb464978784661478dd2a3f1dad74d1e802d403e1b03c1a31fab310259eec8ac560ff
  languageName: node
  linkType: hard

"parse-json@npm:^5.0.0":
  version: 5.2.0
  resolution: "parse-json@npm:5.2.0"
  dependencies:
    "@babel/code-frame": "npm:^7.0.0"
    error-ex: "npm:^1.3.1"
    json-parse-even-better-errors: "npm:^2.3.0"
    lines-and-columns: "npm:^1.1.6"
  checksum: 10/62085b17d64da57f40f6afc2ac1f4d95def18c4323577e1eced571db75d9ab59b297d1d10582920f84b15985cbfc6b6d450ccbf317644cfa176f3ed982ad87e2
  languageName: node
  linkType: hard

"path-parse@npm:^1.0.7":
  version: 1.0.7
  resolution: "path-parse@npm:1.0.7"
  checksum: 10/49abf3d81115642938a8700ec580da6e830dde670be21893c62f4e10bd7dd4c3742ddc603fe24f898cba7eb0c6bc1777f8d9ac14185d34540c6d4d80cd9cae8a
  languageName: node
  linkType: hard

"path-type@npm:^4.0.0":
  version: 4.0.0
  resolution: "path-type@npm:4.0.0"
  checksum: 10/5b1e2daa247062061325b8fdbfd1fb56dde0a448fb1455453276ea18c60685bdad23a445dc148cf87bc216be1573357509b7d4060494a6fd768c7efad833ee45
  languageName: node
  linkType: hard

"picocolors@npm:^1.1.1":
  version: 1.1.1
  resolution: "picocolors@npm:1.1.1"
  checksum: 10/e1cf46bf84886c79055fdfa9dcb3e4711ad259949e3565154b004b260cd356c5d54b31a1437ce9782624bf766272fe6b0154f5f0c744fb7af5d454d2b60db045
  languageName: node
  linkType: hard

"regenerator-runtime@npm:^0.14.0":
  version: 0.14.0
  resolution: "regenerator-runtime@npm:0.14.0"
  checksum: 10/6c19495baefcf5fbb18a281b56a97f0197b5f219f42e571e80877f095320afac0bdb31dab8f8186858e6126950068c3f17a1226437881e3e70446ea66751897c
  languageName: node
  linkType: hard

"resolve-from@npm:^4.0.0":
  version: 4.0.0
  resolution: "resolve-from@npm:4.0.0"
  checksum: 10/91eb76ce83621eea7bbdd9b55121a5c1c4a39e54a9ce04a9ad4517f102f8b5131c2cf07622c738a6683991bf54f2ce178f5a42803ecbd527ddc5105f362cc9e3
  languageName: node
  linkType: hard

"resolve@npm:^1.12.0":
  version: 1.22.8
  resolution: "resolve@npm:1.22.8"
  dependencies:
    is-core-module: "npm:^2.13.0"
    path-parse: "npm:^1.0.7"
    supports-preserve-symlinks-flag: "npm:^1.0.0"
  bin:
    resolve: bin/resolve
  checksum: 10/c473506ee01eb45cbcfefb68652ae5759e092e6b0fb64547feadf9736a6394f258fbc6f88e00c5ca36d5477fbb65388b272432a3600fa223062e54333c156753
  languageName: node
  linkType: hard

"resolve@patch:resolve@npm%3A^1.12.0#optional!builtin<compat/resolve>":
  version: 1.22.8
  resolution: "resolve@patch:resolve@npm%3A1.22.8#optional!builtin<compat/resolve>::version=1.22.8&hash=c3c19d"
  dependencies:
    is-core-module: "npm:^2.13.0"
    path-parse: "npm:^1.0.7"
    supports-preserve-symlinks-flag: "npm:^1.0.0"
  bin:
    resolve: bin/resolve
  checksum: 10/f345cd37f56a2c0275e3fe062517c650bb673815d885e7507566df589375d165bbbf4bdb6aa95600a9bc55f4744b81f452b5a63f95b9f10a72787dba3c90890a
  languageName: node
  linkType: hard

"semver@npm:^6.3.1":
  version: 6.3.1
  resolution: "semver@npm:6.3.1"
  bin:
    semver: bin/semver.js
  checksum: 10/1ef3a85bd02a760c6ef76a45b8c1ce18226de40831e02a00bad78485390b98b6ccaa31046245fc63bba4a47a6a592b6c7eedc65cc47126e60489f9cc1ce3ed7e
  languageName: node
  linkType: hard

"supports-preserve-symlinks-flag@npm:^1.0.0":
  version: 1.0.0
  resolution: "supports-preserve-symlinks-flag@npm:1.0.0"
  checksum: 10/a9dc19ae2220c952bd2231d08ddeecb1b0328b61e72071ff4000c8384e145cc07c1c0bdb3b5a1cb06e186a7b2790f1dee793418b332f6ddf320de25d9125be7e
  languageName: node
  linkType: hard

"tslib@npm:^2.1.0":
  version: 2.8.1
  resolution: "tslib@npm:2.8.1"
  checksum: 10/3e2e043d5c2316461cb54e5c7fe02c30ef6dccb3384717ca22ae5c6b5bc95232a6241df19c622d9c73b809bea33b187f6dbc73030963e29950c2141bc32a79f7
  languageName: node
  linkType: hard

"update-browserslist-db@npm:^1.2.0":
  version: 1.2.3
  resolution: "update-browserslist-db@npm:1.2.3"
  dependencies:
    escalade: "npm:^3.2.0"
    picocolors: "npm:^1.1.1"
  peerDependencies:
    browserslist: ">= 4.21.0"
  bin:
    update-browserslist-db: cli.js
  checksum: 10/059f774300efb4b084a49293143c511f3ae946d40397b5c30914e900cd5691a12b8e61b41dd54ed73d3b56c8204165a0333107dd784ccf8f8c81790bcc423175
  languageName: node
  linkType: hard

"yallist@npm:^3.0.2":
  version: 3.1.1
  resolution: "yallist@npm:3.1.1"
  checksum: 10/9af0a4329c3c6b779ac4736c69fae4190ac03029fa27c1aef4e6bcc92119b73dea6fe5db5fe881fb0ce2a0e9539a42cdf60c7c21eda04d1a0b8c082e38509efb
  languageName: node
  linkType: hard

"yaml@npm:^1.7.2":
  version: 1.10.2
  resolution: "yaml@npm:1.10.2"
  checksum: 10/e088b37b4d4885b70b50c9fa1b7e54bd2e27f5c87205f9deaffd1fb293ab263d9c964feadb9817a7b129a5bf30a06582cb08750f810568ecc14f3cdbabb79cb3
  languageName: node
  linkType: hard
