dependencies:
- name: dagster-user-deployments
  repository: ""
  version: 0.0.1-dev
- name: postgresql
  repository: https://charts.bitnami.com/bitnami
  version: 8.1.0
- name: rabbitmq
  repository: https://charts.bitnami.com/bitnami
  version: 6.16.3
- name: redis
  repository: https://charts.bitnami.com/bitnami
  version: 12.7.4
digest: sha256:690cc8d6bef94b3c8930a707f795a6a1fc6f3e791c19632d941508df9e8cefb3
generated: "2021-10-25T10:10:43.986532-07:00"
