dependencies:
- name: dagster-user-deployments
  repository: ""
  version: 0.0.1-dev
- name: postgresql
  repository: https://raw.githubusercontent.com/bitnami/charts/eb5f9a9513d987b519f0ecd732e7031241c50328/bitnami
  version: 8.1.0
- name: rabbitmq
  repository: https://raw.githubusercontent.com/bitnami/charts/eb5f9a9513d987b519f0ecd732e7031241c50328/bitnami
  version: 6.16.3
- name: redis
  repository: https://raw.githubusercontent.com/bitnami/charts/eb5f9a9513d987b519f0ecd732e7031241c50328/bitnami
  version: 12.7.4
digest: sha256:ce5154e3bf81d92443f6ccac79c750df666a98ba266ffa9af2ae5be5b40a99ff
generated: "2022-06-02T09:37:56.87999-07:00"
