name: Update dagster-ui yarn.lock

on:
  push:
    branches: [master]
    paths:
      - js_modules/**/package.json

jobs:
  update-yarn-lock:
    runs-on: ubuntu-latest
    permissions:
      contents: write
      pull-requests: write
    steps:
      - uses: actions/checkout@v4

      - name: Enable Corepack
        run: corepack enable

      - name: Install dependencies
        working-directory: js_modules
        run: yarn install --no-immutable

      - name: Check for changes
        id: diff
        working-directory: js_modules
        run: |
          if git diff --quiet yarn.lock; then
            echo "changed=false" >> "$GITHUB_OUTPUT"
          else
            echo "changed=true" >> "$GITHUB_OUTPUT"
          fi

      - name: Create PR with updated yarn.lock
        if: steps.diff.outputs.changed == 'true'
        env:
          GH_TOKEN: ${{ github.token }}
        run: |
          git config user.name "Dagster Devtools"
          git config user.email "devtools@dagsterlabs.com"
          branch="update-dagster-ui-yarn-lock"
          git checkout -b "$branch"
          git add js_modules/yarn.lock
          git commit -m "Update OSS yarn.lock"
          git push --force origin "$branch"
          if ! gh pr list --head "$branch" --state open --json number --jq '.[0].number' | grep -q .; then
            gh pr create \
              --title "Update OSS yarn.lock" \
              --body "Automated PR to update \`js_modules/yarn.lock\` after a \`package.json\` change." \
              --base master \
              --head "$branch"
          fi
