{
    "name": "typescript",
    "requires": true,
    "lockfileVersion": 1,
    "dependencies": {
        "@protobufjs/aspromise": {
            "version": "1.1.2",
            "resolved": "https://registry.npmjs.org/@protobufjs/aspromise/-/aspromise-1.1.2.tgz",
            "integrity": "sha1-m4sMxmPWaafY9vXQiToU00jzD78="
        },
        "@protobufjs/base64": {
            "version": "1.1.2",
            "resolved": "https://registry.npmjs.org/@protobufjs/base64/-/base64-1.1.2.tgz",
            "integrity": "sha512-AZkcAA5vnN/v4PDqKyMR5lx7hZttPDgClv83E//FMNhR2TMcLUhfRUBHCmSl0oi9zMgDDqRUJkSxO3wm85+XLg=="
        },
        "@protobufjs/codegen": {
            "version": "2.0.4",
            "resolved": "https://registry.npmjs.org/@protobufjs/codegen/-/codegen-2.0.4.tgz",
            "integrity": "sha512-YyFaikqM5sH0ziFZCN3xDC7zeGaB/d0IUb9CATugHWbd1FRFwWwt4ld4OYMPWu5a3Xe01mGAULCdqhMlPl29Jg=="
        },
        "@protobufjs/eventemitter": {
            "version": "1.1.0",
            "resolved": "https://registry.npmjs.org/@protobufjs/eventemitter/-/eventemitter-1.1.0.tgz",
            "integrity": "sha1-NVy8mLr61ZePntCV85diHx0Ga3A="
        },
        "@protobufjs/fetch": {
            "version": "1.1.0",
            "resolved": "https://registry.npmjs.org/@protobufjs/fetch/-/fetch-1.1.0.tgz",
            "integrity": "sha1-upn7WYYUr2VwDBYZ/wbUVLDYTEU=",
            "requires": {
                "@protobufjs/aspromise": "^1.1.1",
                "@protobufjs/inquire": "^1.1.0"
            }
        },
        "@protobufjs/float": {
            "version": "1.0.2",
            "resolved": "https://registry.npmjs.org/@protobufjs/float/-/float-1.0.2.tgz",
            "integrity": "sha1-Xp4avctz/Ap8uLKR33jIy9l7h9E="
        },
        "@protobufjs/inquire": {
            "version": "1.1.0",
            "resolved": "https://registry.npmjs.org/@protobufjs/inquire/-/inquire-1.1.0.tgz",
            "integrity": "sha1-/yAOPnzyQp4tyvwRQIKOjMY48Ik="
        },
        "@protobufjs/path": {
            "version": "1.1.2",
            "resolved": "https://registry.npmjs.org/@protobufjs/path/-/path-1.1.2.tgz",
            "integrity": "sha1-bMKyDFya1q0NzP0hynZz2Nf79o0="
        },
        "@protobufjs/pool": {
            "version": "1.1.0",
            "resolved": "https://registry.npmjs.org/@protobufjs/pool/-/pool-1.1.0.tgz",
            "integrity": "sha1-Cf0V8tbTq/qbZbw2ZQbWrXhG/1Q="
        },
        "@protobufjs/utf8": {
            "version": "1.1.0",
            "resolved": "https://registry.npmjs.org/@protobufjs/utf8/-/utf8-1.1.0.tgz",
            "integrity": "sha1-p3c2C1s5oaLlEG+OhY8v0tBgxXA="
        },
        "@pulumi/pulumi": {
            "version": "0.16.5",
            "resolved": "https://registry.npmjs.org/@pulumi/pulumi/-/pulumi-0.16.5.tgz",
            "integrity": "sha512-Mg7lTpv8KCtGEhna4BDfkkliA5S88A8vSWogmljLJbvQNoeOJGariHajSoR3h7goEyeRP6zQQD7vCUXZTck4dQ==",
            "requires": {
                "google-protobuf": "^3.5.0",
                "grpc": "^1.12.2",
                "minimist": "^1.2.0",
                "normalize-package-data": "^2.4.0",
                "protobufjs": "^6.8.6",
                "read-package-tree": "^5.2.1",
                "require-from-string": "^2.0.1",
                "source-map-support": "^0.4.16",
                "ts-node": "^7.0.0",
                "typescript": "^3.0.0",
                "upath": "^1.1.0"
            }
        },
        "@types/long": {
            "version": "4.0.0",
            "resolved": "https://registry.npmjs.org/@types/long/-/long-4.0.0.tgz",
            "integrity": "sha512-1w52Nyx4Gq47uuu0EVcsHBxZFJgurQ+rTKS3qMHxR1GY2T8c2AJYd6vZoZ9q1rupaDjU0yT+Jc2XTyXkjeMA+Q=="
        },
        "@types/node": {
            "version": "10.12.9",
            "resolved": "https://registry.npmjs.org/@types/node/-/node-10.12.9.tgz",
            "integrity": "sha512-eajkMXG812/w3w4a1OcBlaTwsFPO5F7fJ/amy+tieQxEMWBlbV1JGSjkFM+zkHNf81Cad+dfIRA+IBkvmvdAeA==",
            "dev": true
        },
        "ansi-regex": {
            "version": "2.1.1",
            "resolved": "https://registry.npmjs.org/ansi-regex/-/ansi-regex-2.1.1.tgz",
            "integrity": "sha1-w7M6te42DYbg5ijwRorn7yfWVN8="
        },
        "arrify": {
            "version": "1.0.1",
            "resolved": "https://registry.npmjs.org/arrify/-/arrify-1.0.1.tgz",
            "integrity": "sha1-iYUI2iIm84DfkEcoRWhJwVAaSw0="
        },
        "asap": {
            "version": "2.0.6",
            "resolved": "https://registry.npmjs.org/asap/-/asap-2.0.6.tgz",
            "integrity": "sha1-5QNHYR1+aQlDIIu9r+vLwvuGbUY="
        },
        "ascli": {
            "version": "1.0.1",
            "resolved": "https://registry.npmjs.org/ascli/-/ascli-1.0.1.tgz",
            "integrity": "sha1-vPpZdKYvGOgcq660lzKrSoj5Brw=",
            "requires": {
                "colour": "~0.7.1",
                "optjs": "~3.2.2"
            }
        },
        "balanced-match": {
            "version": "1.0.0",
            "resolved": "https://registry.npmjs.org/balanced-match/-/balanced-match-1.0.0.tgz",
            "integrity": "sha1-ibTRmasr7kneFk6gK4nORi1xt2c="
        },
        "brace-expansion": {
            "version": "1.1.11",
            "resolved": "https://registry.npmjs.org/brace-expansion/-/brace-expansion-1.1.11.tgz",
            "integrity": "sha512-iCuPHDFgrHX7H2vEI/5xpz07zSHB00TpugqhmYtVmMO6518mCuRMoOYFldEBl0g187ufozdaHgWKcYFb61qGiA==",
            "requires": {
                "balanced-match": "^1.0.0",
                "concat-map": "0.0.1"
            }
        },
        "buffer-from": {
            "version": "1.1.1",
            "resolved": "https://registry.npmjs.org/buffer-from/-/buffer-from-1.1.1.tgz",
            "integrity": "sha512-MQcXEUbCKtEo7bhqEs6560Hyd4XaovZlO/k9V3hjVUF/zwW7KBVdSK4gIt/bzwS9MbR5qob+F5jusZsb0YQK2A=="
        },
        "builtin-modules": {
            "version": "1.1.1",
            "resolved": "https://registry.npmjs.org/builtin-modules/-/builtin-modules-1.1.1.tgz",
            "integrity": "sha1-Jw8HbFpywC9bZaR9+Uxf46J4iS8="
        },
        "bytebuffer": {
            "version": "5.0.1",
            "resolved": "https://registry.npmjs.org/bytebuffer/-/bytebuffer-5.0.1.tgz",
            "integrity": "sha1-WC7qSxqHO20CCkjVjfhfC7ps/d0=",
            "requires": {
                "long": "~3"
            }
        },
        "camelcase": {
            "version": "2.1.1",
            "resolved": "https://registry.npmjs.org/camelcase/-/camelcase-2.1.1.tgz",
            "integrity": "sha1-fB0W1nmhu+WcoCys7PsBHiAfWh8="
        },
        "cliui": {
            "version": "3.2.0",
            "resolved": "https://registry.npmjs.org/cliui/-/cliui-3.2.0.tgz",
            "integrity": "sha1-EgYBU3qRbSmUD5NNo7SNWFo5IT0=",
            "requires": {
                "string-width": "^1.0.1",
                "strip-ansi": "^3.0.1",
                "wrap-ansi": "^2.0.0"
            }
        },
        "code-point-at": {
            "version": "1.1.0",
            "resolved": "https://registry.npmjs.org/code-point-at/-/code-point-at-1.1.0.tgz",
            "integrity": "sha1-DQcLTQQ6W+ozovGkDi7bPZpMz3c="
        },
        "colour": {
            "version": "0.7.1",
            "resolved": "https://registry.npmjs.org/colour/-/colour-0.7.1.tgz",
            "integrity": "sha1-nLFpkX7F0SwHNtPoaFdG3xyt93g="
        },
        "concat-map": {
            "version": "0.0.1",
            "resolved": "https://registry.npmjs.org/concat-map/-/concat-map-0.0.1.tgz",
            "integrity": "sha1-2Klr13/Wjfd5OnMDajug1UBdR3s="
        },
        "debuglog": {
            "version": "1.0.1",
            "resolved": "https://registry.npmjs.org/debuglog/-/debuglog-1.0.1.tgz",
            "integrity": "sha1-qiT/uaw9+aI1GDfPstJ5NgzXhJI="
        },
        "decamelize": {
            "version": "1.2.0",
            "resolved": "https://registry.npmjs.org/decamelize/-/decamelize-1.2.0.tgz",
            "integrity": "sha1-9lNNFRSCabIDUue+4m9QH5oZEpA="
        },
        "dezalgo": {
            "version": "1.0.3",
            "resolved": "https://registry.npmjs.org/dezalgo/-/dezalgo-1.0.3.tgz",
            "integrity": "sha1-f3Qt4Gb8dIvI24IFad3c5Jvw1FY=",
            "requires": {
                "asap": "^2.0.0",
                "wrappy": "1"
            }
        },
        "diff": {
            "version": "3.5.0",
            "resolved": "https://registry.npmjs.org/diff/-/diff-3.5.0.tgz",
            "integrity": "sha512-A46qtFgd+g7pDZinpnwiRJtxbC1hpgf0uzP3iG89scHk0AUC7A1TGxf5OiiOUv/JMZR8GOt8hL900hV0bOy5xA=="
        },
        "fs.realpath": {
            "version": "1.0.0",
            "resolved": "https://registry.npmjs.org/fs.realpath/-/fs.realpath-1.0.0.tgz",
            "integrity": "sha1-FQStJSMVjKpA20onh8sBQRmU6k8="
        },
        "glob": {
            "version": "7.1.3",
            "resolved": "https://registry.npmjs.org/glob/-/glob-7.1.3.tgz",
            "integrity": "sha512-vcfuiIxogLV4DlGBHIUOwI0IbrJ8HWPc4MU7HzviGeNho/UJDfi6B5p3sHeWIQ0KGIU0Jpxi5ZHxemQfLkkAwQ==",
            "requires": {
                "fs.realpath": "^1.0.0",
                "inflight": "^1.0.4",
                "inherits": "2",
                "minimatch": "^3.0.4",
                "once": "^1.3.0",
                "path-is-absolute": "^1.0.0"
            }
        },
        "google-protobuf": {
            "version": "3.6.1",
            "resolved": "https://registry.npmjs.org/google-protobuf/-/google-protobuf-3.6.1.tgz",
            "integrity": "sha512-SJYemeX5GjDLPnadcmCNQePQHCS4Hl5fOcI/JawqDIYFhCmrtYAjcx/oTQx/Wi8UuCuZQhfvftbmPePPAYHFtA=="
        },
        "graceful-fs": {
            "version": "4.1.15",
            "resolved": "https://registry.npmjs.org/graceful-fs/-/graceful-fs-4.1.15.tgz",
            "integrity": "sha512-6uHUhOPEBgQ24HM+r6b/QwWfZq+yiFcipKFrOFiBEnWdy5sdzYoi+pJeQaPI5qOLRFqWmAXUPQNsielzdLoecA=="
        },
        "grpc": {
            "version": "1.16.1",
            "resolved": "https://registry.npmjs.org/grpc/-/grpc-1.16.1.tgz",
            "integrity": "sha512-7uHN1Nd3UqfvwgQ6f5U3+EZb/0iuHJ9mbPH+ydaTkszJsUi3nwdz6DuSh0eJwYVXXn6Gojv2khiQAadMongGKg==",
            "requires": {
                "lodash": "^4.17.5",
                "nan": "^2.0.0",
                "node-pre-gyp": "^0.12.0",
                "protobufjs": "^5.0.3"
            },
            "dependencies": {
                "abbrev": {
                    "version": "1.1.1",
                    "bundled": true
                },
                "ansi-regex": {
                    "version": "2.1.1",
                    "bundled": true
                },
                "aproba": {
                    "version": "1.2.0",
                    "bundled": true
                },
                "are-we-there-yet": {
                    "version": "1.1.5",
                    "bundled": true,
                    "requires": {
                        "delegates": "^1.0.0",
                        "readable-stream": "^2.0.6"
                    }
                },
                "balanced-match": {
                    "version": "1.0.0",
                    "bundled": true
                },
                "brace-expansion": {
                    "version": "1.1.11",
                    "bundled": true,
                    "requires": {
                        "balanced-match": "^1.0.0",
                        "concat-map": "0.0.1"
                    }
                },
                "chownr": {
                    "version": "1.1.1",
                    "bundled": true
                },
                "code-point-at": {
                    "version": "1.1.0",
                    "bundled": true
                },
                "concat-map": {
                    "version": "0.0.1",
                    "bundled": true
                },
                "console-control-strings": {
                    "version": "1.1.0",
                    "bundled": true
                },
                "core-util-is": {
                    "version": "1.0.2",
                    "bundled": true
                },
                "debug": {
                    "version": "2.6.9",
                    "bundled": true,
                    "requires": {
                        "ms": "2.0.0"
                    }
                },
                "deep-extend": {
                    "version": "0.6.0",
                    "bundled": true
                },
                "delegates": {
                    "version": "1.0.0",
                    "bundled": true
                },
                "detect-libc": {
                    "version": "1.0.3",
                    "bundled": true
                },
                "fs-minipass": {
                    "version": "1.2.5",
                    "bundled": true,
                    "requires": {
                        "minipass": "^2.2.1"
                    }
                },
                "fs.realpath": {
                    "version": "1.0.0",
                    "bundled": true
                },
                "gauge": {
                    "version": "2.7.4",
                    "bundled": true,
                    "requires": {
                        "aproba": "^1.0.3",
                        "console-control-strings": "^1.0.0",
                        "has-unicode": "^2.0.0",
                        "object-assign": "^4.1.0",
                        "signal-exit": "^3.0.0",
                        "string-width": "^1.0.1",
                        "strip-ansi": "^3.0.1",
                        "wide-align": "^1.1.0"
                    }
                },
                "glob": {
                    "version": "7.1.3",
                    "bundled": true,
                    "requires": {
                        "fs.realpath": "^1.0.0",
                        "inflight": "^1.0.4",
                        "inherits": "2",
                        "minimatch": "^3.0.4",
                        "once": "^1.3.0",
                        "path-is-absolute": "^1.0.0"
                    }
                },
                "has-unicode": {
                    "version": "2.0.1",
                    "bundled": true
                },
                "iconv-lite": {
                    "version": "0.4.24",
                    "bundled": true,
                    "requires": {
                        "safer-buffer": ">= 2.1.2 < 3"
                    }
                },
                "ignore-walk": {
                    "version": "3.0.1",
                    "bundled": true,
                    "requires": {
                        "minimatch": "^3.0.4"
                    }
                },
                "inflight": {
                    "version": "1.0.6",
                    "bundled": true,
                    "requires": {
                        "once": "^1.3.0",
                        "wrappy": "1"
                    }
                },
                "inherits": {
                    "version": "2.0.3",
                    "bundled": true
                },
                "ini": {
                    "version": "1.3.5",
                    "bundled": true
                },
                "is-fullwidth-code-point": {
                    "version": "1.0.0",
                    "bundled": true,
                    "requires": {
                        "number-is-nan": "^1.0.0"
                    }
                },
                "isarray": {
                    "version": "1.0.0",
                    "bundled": true
                },
                "minimatch": {
                    "version": "3.0.4",
                    "bundled": true,
                    "requires": {
                        "brace-expansion": "^1.1.7"
                    }
                },
                "minimist": {
                    "version": "1.2.0",
                    "bundled": true
                },
                "minipass": {
                    "version": "2.3.5",
                    "bundled": true,
                    "requires": {
                        "safe-buffer": "^5.1.2",
                        "yallist": "^3.0.0"
                    }
                },
                "minizlib": {
                    "version": "1.1.1",
                    "bundled": true,
                    "requires": {
                        "minipass": "^2.2.1"
                    }
                },
                "mkdirp": {
                    "version": "0.5.1",
                    "bundled": true,
                    "requires": {
                        "minimist": "0.0.8"
                    },
                    "dependencies": {
                        "minimist": {
                            "version": "0.0.8",
                            "bundled": true
                        }
                    }
                },
                "ms": {
                    "version": "2.0.0",
                    "bundled": true
                },
                "needle": {
                    "version": "2.2.4",
                    "bundled": true,
                    "requires": {
                        "debug": "^2.1.2",
                        "iconv-lite": "^0.4.4",
                        "sax": "^1.2.4"
                    }
                },
                "node-pre-gyp": {
                    "version": "0.12.0",
                    "bundled": true,
                    "requires": {
                        "detect-libc": "^1.0.2",
                        "mkdirp": "^0.5.1",
                        "needle": "^2.2.1",
                        "nopt": "^4.0.1",
                        "npm-packlist": "^1.1.6",
                        "npmlog": "^4.0.2",
                        "rc": "^1.2.7",
                        "rimraf": "^2.6.1",
                        "semver": "^5.3.0",
                        "tar": "^4"
                    }
                },
                "nopt": {
                    "version": "4.0.1",
                    "bundled": true,
                    "requires": {
                        "abbrev": "1",
                        "osenv": "^0.1.4"
                    }
                },
                "npm-bundled": {
                    "version": "1.0.5",
                    "bundled": true
                },
                "npm-packlist": {
                    "version": "1.1.12",
                    "bundled": true,
                    "requires": {
                        "ignore-walk": "^3.0.1",
                        "npm-bundled": "^1.0.1"
                    }
                },
                "npmlog": {
                    "version": "4.1.2",
                    "bundled": true,
                    "requires": {
                        "are-we-there-yet": "~1.1.2",
                        "console-control-strings": "~1.1.0",
                        "gauge": "~2.7.3",
                        "set-blocking": "~2.0.0"
                    }
                },
                "number-is-nan": {
                    "version": "1.0.1",
                    "bundled": true
                },
                "object-assign": {
                    "version": "4.1.1",
                    "bundled": true
                },
                "once": {
                    "version": "1.4.0",
                    "bundled": true,
                    "requires": {
                        "wrappy": "1"
                    }
                },
                "os-homedir": {
                    "version": "1.0.2",
                    "bundled": true
                },
                "os-tmpdir": {
                    "version": "1.0.2",
                    "bundled": true
                },
                "osenv": {
                    "version": "0.1.5",
                    "bundled": true,
                    "requires": {
                        "os-homedir": "^1.0.0",
                        "os-tmpdir": "^1.0.0"
                    }
                },
                "path-is-absolute": {
                    "version": "1.0.1",
                    "bundled": true
                },
                "process-nextick-args": {
                    "version": "2.0.0",
                    "bundled": true
                },
                "protobufjs": {
                    "version": "5.0.3",
                    "resolved": "https://registry.npmjs.org/protobufjs/-/protobufjs-5.0.3.tgz",
                    "integrity": "sha512-55Kcx1MhPZX0zTbVosMQEO5R6/rikNXd9b6RQK4KSPcrSIIwoXTtebIczUrXlwaSrbz4x8XUVThGPob1n8I4QA==",
                    "requires": {
                        "ascli": "~1",
                        "bytebuffer": "~5",
                        "glob": "^7.0.5",
                        "yargs": "^3.10.0"
                    }
                },
                "rc": {
                    "version": "1.2.8",
                    "bundled": true,
                    "requires": {
                        "deep-extend": "^0.6.0",
                        "ini": "~1.3.0",
                        "minimist": "^1.2.0",
                        "strip-json-comments": "~2.0.1"
                    }
                },
                "readable-stream": {
                    "version": "2.3.6",
                    "bundled": true,
                    "requires": {
                        "core-util-is": "~1.0.0",
                        "inherits": "~2.0.3",
                        "isarray": "~1.0.0",
                        "process-nextick-args": "~2.0.0",
                        "safe-buffer": "~5.1.1",
                        "string_decoder": "~1.1.1",
                        "util-deprecate": "~1.0.1"
                    }
                },
                "rimraf": {
                    "version": "2.6.2",
                    "bundled": true,
                    "requires": {
                        "glob": "^7.0.5"
                    }
                },
                "safe-buffer": {
                    "version": "5.1.2",
                    "bundled": true
                },
                "safer-buffer": {
                    "version": "2.1.2",
                    "bundled": true
                },
                "sax": {
                    "version": "1.2.4",
                    "bundled": true
                },
                "semver": {
                    "version": "5.6.0",
                    "bundled": true
                },
                "set-blocking": {
                    "version": "2.0.0",
                    "bundled": true
                },
                "signal-exit": {
                    "version": "3.0.2",
                    "bundled": true
                },
                "string-width": {
                    "version": "1.0.2",
                    "bundled": true,
                    "requires": {
                        "code-point-at": "^1.0.0",
                        "is-fullwidth-code-point": "^1.0.0",
                        "strip-ansi": "^3.0.0"
                    }
                },
                "string_decoder": {
                    "version": "1.1.1",
                    "bundled": true,
                    "requires": {
                        "safe-buffer": "~5.1.0"
                    }
                },
                "strip-ansi": {
                    "version": "3.0.1",
                    "bundled": true,
                    "requires": {
                        "ansi-regex": "^2.0.0"
                    }
                },
                "strip-json-comments": {
                    "version": "2.0.1",
                    "bundled": true
                },
                "tar": {
                    "version": "4.4.8",
                    "bundled": true,
                    "requires": {
                        "chownr": "^1.1.1",
                        "fs-minipass": "^1.2.5",
                        "minipass": "^2.3.4",
                        "minizlib": "^1.1.1",
                        "mkdirp": "^0.5.0",
                        "safe-buffer": "^5.1.2",
                        "yallist": "^3.0.2"
                    }
                },
                "util-deprecate": {
                    "version": "1.0.2",
                    "bundled": true
                },
                "wide-align": {
                    "version": "1.1.3",
                    "bundled": true,
                    "requires": {
                        "string-width": "^1.0.2 || 2"
                    }
                },
                "wrappy": {
                    "version": "1.0.2",
                    "bundled": true
                },
                "yallist": {
                    "version": "3.0.2",
                    "bundled": true
                }
            }
        },
        "hosted-git-info": {
            "version": "2.7.1",
            "resolved": "https://registry.npmjs.org/hosted-git-info/-/hosted-git-info-2.7.1.tgz",
            "integrity": "sha512-7T/BxH19zbcCTa8XkMlbK5lTo1WtgkFi3GvdWEyNuc4Vex7/9Dqbnpsf4JMydcfj9HCg4zUWFTL3Za6lapg5/w=="
        },
        "inflight": {
            "version": "1.0.6",
            "resolved": "https://registry.npmjs.org/inflight/-/inflight-1.0.6.tgz",
            "integrity": "sha1-Sb1jMdfQLQwJvJEKEHW6gWW1bfk=",
            "requires": {
                "once": "^1.3.0",
                "wrappy": "1"
            }
        },
        "inherits": {
            "version": "2.0.3",
            "resolved": "https://registry.npmjs.org/inherits/-/inherits-2.0.3.tgz",
            "integrity": "sha1-Yzwsg+PaQqUC9SRmAiSA9CCCYd4="
        },
        "invert-kv": {
            "version": "1.0.0",
            "resolved": "https://registry.npmjs.org/invert-kv/-/invert-kv-1.0.0.tgz",
            "integrity": "sha1-EEqOSqym09jNFXqO+L+rLXo//bY="
        },
        "is-builtin-module": {
            "version": "1.0.0",
            "resolved": "http://registry.npmjs.org/is-builtin-module/-/is-builtin-module-1.0.0.tgz",
            "integrity": "sha1-VAVy0096wxGfj3bDDLwbHgN6/74=",
            "requires": {
                "builtin-modules": "^1.0.0"
            }
        },
        "is-fullwidth-code-point": {
            "version": "1.0.0",
            "resolved": "https://registry.npmjs.org/is-fullwidth-code-point/-/is-fullwidth-code-point-1.0.0.tgz",
            "integrity": "sha1-754xOG8DGn8NZDr4L95QxFfvAMs=",
            "requires": {
                "number-is-nan": "^1.0.0"
            }
        },
        "json-parse-better-errors": {
            "version": "1.0.2",
            "resolved": "https://registry.npmjs.org/json-parse-better-errors/-/json-parse-better-errors-1.0.2.tgz",
            "integrity": "sha512-mrqyZKfX5EhL7hvqcV6WG1yYjnjeuYDzDhhcAAUrq8Po85NBQBJP+ZDUT75qZQ98IkUoBqdkExkukOU7Ts2wrw=="
        },
        "lcid": {
            "version": "1.0.0",
            "resolved": "https://registry.npmjs.org/lcid/-/lcid-1.0.0.tgz",
            "integrity": "sha1-MIrMr6C8SDo4Z7S28rlQYlHRuDU=",
            "requires": {
                "invert-kv": "^1.0.0"
            }
        },
        "lodash": {
            "version": "4.17.11",
            "resolved": "https://registry.npmjs.org/lodash/-/lodash-4.17.11.tgz",
            "integrity": "sha512-cQKh8igo5QUhZ7lg38DYWAxMvjSAKG0A8wGSVimP07SIUEK2UO+arSRKbRZWtelMtN5V0Hkwh5ryOto/SshYIg=="
        },
        "long": {
            "version": "3.2.0",
            "resolved": "https://registry.npmjs.org/long/-/long-3.2.0.tgz",
            "integrity": "sha1-2CG3E4yhy1gcFymQ7xTbIAtcR0s="
        },
        "make-error": {
            "version": "1.3.5",
            "resolved": "https://registry.npmjs.org/make-error/-/make-error-1.3.5.tgz",
            "integrity": "sha512-c3sIjNUow0+8swNwVpqoH4YCShKNFkMaw6oH1mNS2haDZQqkeZFlHS3dhoeEbKKmJB4vXpJucU6oH75aDYeE9g=="
        },
        "minimatch": {
            "version": "3.0.4",
            "resolved": "https://registry.npmjs.org/minimatch/-/minimatch-3.0.4.tgz",
            "integrity": "sha512-yJHVQEhyqPLUTgt9B83PXu6W3rx4MvvHvSUvToogpwoGDOUQ+yDrR0HRot+yOCdCO7u4hX3pWft6kWBBcqh0UA==",
            "requires": {
                "brace-expansion": "^1.1.7"
            }
        },
        "minimist": {
            "version": "1.2.0",
            "resolved": "http://registry.npmjs.org/minimist/-/minimist-1.2.0.tgz",
            "integrity": "sha1-o1AIsg9BOD7sH7kU9M1d95omQoQ="
        },
        "mkdirp": {
            "version": "0.5.1",
            "resolved": "http://registry.npmjs.org/mkdirp/-/mkdirp-0.5.1.tgz",
            "integrity": "sha1-MAV0OOrGz3+MR2fzhkjWaX11yQM=",
            "requires": {
                "minimist": "0.0.8"
            },
            "dependencies": {
                "minimist": {
                    "version": "0.0.8",
                    "resolved": "http://registry.npmjs.org/minimist/-/minimist-0.0.8.tgz",
                    "integrity": "sha1-hX/Kv8M5fSYluCKCYuhqp6ARsF0="
                }
            }
        },
        "nan": {
            "version": "2.11.1",
            "resolved": "https://registry.npmjs.org/nan/-/nan-2.11.1.tgz",
            "integrity": "sha512-iji6k87OSXa0CcrLl9z+ZiYSuR2o+c0bGuNmXdrhTQTakxytAFsC56SArGYoiHlJlFoHSnvmhpceZJaXkVuOtA=="
        },
        "normalize-package-data": {
            "version": "2.4.0",
            "resolved": "https://registry.npmjs.org/normalize-package-data/-/normalize-package-data-2.4.0.tgz",
            "integrity": "sha512-9jjUFbTPfEy3R/ad/2oNbKtW9Hgovl5O1FvFWKkKblNXoN/Oou6+9+KKohPK13Yc3/TyunyWhJp6gvRNR/PPAw==",
            "requires": {
                "hosted-git-info": "^2.1.4",
                "is-builtin-module": "^1.0.0",
                "semver": "2 || 3 || 4 || 5",
                "validate-npm-package-license": "^3.0.1"
            }
        },
        "number-is-nan": {
            "version": "1.0.1",
            "resolved": "https://registry.npmjs.org/number-is-nan/-/number-is-nan-1.0.1.tgz",
            "integrity": "sha1-CXtgK1NCKlIsGvuHkDGDNpQaAR0="
        },
        "once": {
            "version": "1.4.0",
            "resolved": "https://registry.npmjs.org/once/-/once-1.4.0.tgz",
            "integrity": "sha1-WDsap3WWHUsROsF9nFC6753Xa9E=",
            "requires": {
                "wrappy": "1"
            }
        },
        "optjs": {
            "version": "3.2.2",
            "resolved": "https://registry.npmjs.org/optjs/-/optjs-3.2.2.tgz",
            "integrity": "sha1-aabOicRCpEQDFBrS+bNwvVu29O4="
        },
        "os-locale": {
            "version": "1.4.0",
            "resolved": "http://registry.npmjs.org/os-locale/-/os-locale-1.4.0.tgz",
            "integrity": "sha1-IPnxeuKe00XoveWDsT0gCYA8FNk=",
            "requires": {
                "lcid": "^1.0.0"
            }
        },
        "path-is-absolute": {
            "version": "1.0.1",
            "resolved": "http://registry.npmjs.org/path-is-absolute/-/path-is-absolute-1.0.1.tgz",
            "integrity": "sha1-F0uSaHNVNP+8es5r9TpanhtcX18="
        },
        "protobufjs": {
            "version": "6.8.8",
            "resolved": "https://registry.npmjs.org/protobufjs/-/protobufjs-6.8.8.tgz",
            "integrity": "sha512-AAmHtD5pXgZfi7GMpllpO3q1Xw1OYldr+dMUlAnffGTAhqkg72WdmSY71uKBF/JuyiKs8psYbtKrhi0ASCD8qw==",
            "requires": {
                "@protobufjs/aspromise": "^1.1.2",
                "@protobufjs/base64": "^1.1.2",
                "@protobufjs/codegen": "^2.0.4",
                "@protobufjs/eventemitter": "^1.1.0",
                "@protobufjs/fetch": "^1.1.0",
                "@protobufjs/float": "^1.0.2",
                "@protobufjs/inquire": "^1.1.0",
                "@protobufjs/path": "^1.1.2",
                "@protobufjs/pool": "^1.1.0",
                "@protobufjs/utf8": "^1.1.0",
                "@types/long": "^4.0.0",
                "@types/node": "^10.1.0",
                "long": "^4.0.0"
            },
            "dependencies": {
                "@types/node": {
                    "version": "10.12.9",
                    "resolved": "https://registry.npmjs.org/@types/node/-/node-10.12.9.tgz",
                    "integrity": "sha512-eajkMXG812/w3w4a1OcBlaTwsFPO5F7fJ/amy+tieQxEMWBlbV1JGSjkFM+zkHNf81Cad+dfIRA+IBkvmvdAeA=="
                },
                "long": {
                    "version": "4.0.0",
                    "resolved": "https://registry.npmjs.org/long/-/long-4.0.0.tgz",
                    "integrity": "sha512-XsP+KhQif4bjX1kbuSiySJFNAehNxgLb6hPRGJ9QsUr8ajHkuXGdrHmFUTUUXhDwVX2R5bY4JNZEwbUiMhV+MA=="
                }
            }
        },
        "read-package-json": {
            "version": "2.0.13",
            "resolved": "https://registry.npmjs.org/read-package-json/-/read-package-json-2.0.13.tgz",
            "integrity": "sha512-/1dZ7TRZvGrYqE0UAfN6qQb5GYBsNcqS1C0tNK601CFOJmtHI7NIGXwetEPU/OtoFHZL3hDxm4rolFFVE9Bnmg==",
            "requires": {
                "glob": "^7.1.1",
                "graceful-fs": "^4.1.2",
                "json-parse-better-errors": "^1.0.1",
                "normalize-package-data": "^2.0.0",
                "slash": "^1.0.0"
            }
        },
        "read-package-tree": {
            "version": "5.2.1",
            "resolved": "https://registry.npmjs.org/read-package-tree/-/read-package-tree-5.2.1.tgz",
            "integrity": "sha512-2CNoRoh95LxY47LvqrehIAfUVda2JbuFE/HaGYs42bNrGG+ojbw1h3zOcPcQ+1GQ3+rkzNndZn85u1XyZ3UsIA==",
            "requires": {
                "debuglog": "^1.0.1",
                "dezalgo": "^1.0.0",
                "once": "^1.3.0",
                "read-package-json": "^2.0.0",
                "readdir-scoped-modules": "^1.0.0"
            }
        },
        "readdir-scoped-modules": {
            "version": "1.0.2",
            "resolved": "https://registry.npmjs.org/readdir-scoped-modules/-/readdir-scoped-modules-1.0.2.tgz",
            "integrity": "sha1-n6+jfShr5dksuuve4DDcm19AZ0c=",
            "requires": {
                "debuglog": "^1.0.1",
                "dezalgo": "^1.0.0",
                "graceful-fs": "^4.1.2",
                "once": "^1.3.0"
            }
        },
        "require-from-string": {
            "version": "2.0.2",
            "resolved": "https://registry.npmjs.org/require-from-string/-/require-from-string-2.0.2.tgz",
            "integrity": "sha512-Xf0nWe6RseziFMu+Ap9biiUbmplq6S9/p+7w7YXP/JBHhrUDDUhwa+vANyubuqfZWTveU//DYVGsDG7RKL/vEw=="
        },
        "semver": {
            "version": "5.6.0",
            "resolved": "https://registry.npmjs.org/semver/-/semver-5.6.0.tgz",
            "integrity": "sha512-RS9R6R35NYgQn++fkDWaOmqGoj4Ek9gGs+DPxNUZKuwE183xjJroKvyo1IzVFeXvUrvmALy6FWD5xrdJT25gMg=="
        },
        "slash": {
            "version": "1.0.0",
            "resolved": "https://registry.npmjs.org/slash/-/slash-1.0.0.tgz",
            "integrity": "sha1-xB8vbDn8FtHNF61LXYlhFK5HDVU="
        },
        "source-map": {
            "version": "0.5.7",
            "resolved": "https://registry.npmjs.org/source-map/-/source-map-0.5.7.tgz",
            "integrity": "sha1-igOdLRAh0i0eoUyA2OpGi6LvP8w="
        },
        "source-map-support": {
            "version": "0.4.18",
            "resolved": "https://registry.npmjs.org/source-map-support/-/source-map-support-0.4.18.tgz",
            "integrity": "sha512-try0/JqxPLF9nOjvSta7tVondkP5dwgyLDjVoyMDlmjugT2lRZ1OfsrYTkCd2hkDnJTKRbO/Rl3orm8vlsUzbA==",
            "requires": {
                "source-map": "^0.5.6"
            }
        },
        "spdx-correct": {
            "version": "3.0.2",
            "resolved": "https://registry.npmjs.org/spdx-correct/-/spdx-correct-3.0.2.tgz",
            "integrity": "sha512-q9hedtzyXHr5S0A1vEPoK/7l8NpfkFYTq6iCY+Pno2ZbdZR6WexZFtqeVGkGxW3TEJMN914Z55EnAGMmenlIQQ==",
            "requires": {
                "spdx-expression-parse": "^3.0.0",
                "spdx-license-ids": "^3.0.0"
            }
        },
        "spdx-exceptions": {
            "version": "2.2.0",
            "resolved": "https://registry.npmjs.org/spdx-exceptions/-/spdx-exceptions-2.2.0.tgz",
            "integrity": "sha512-2XQACfElKi9SlVb1CYadKDXvoajPgBVPn/gOQLrTvHdElaVhr7ZEbqJaRnJLVNeaI4cMEAgVCeBMKF6MWRDCRA=="
        },
        "spdx-expression-parse": {
            "version": "3.0.0",
            "resolved": "https://registry.npmjs.org/spdx-expression-parse/-/spdx-expression-parse-3.0.0.tgz",
            "integrity": "sha512-Yg6D3XpRD4kkOmTpdgbUiEJFKghJH03fiC1OPll5h/0sO6neh2jqRDVHOQ4o/LMea0tgCkbMgea5ip/e+MkWyg==",
            "requires": {
                "spdx-exceptions": "^2.1.0",
                "spdx-license-ids": "^3.0.0"
            }
        },
        "spdx-license-ids": {
            "version": "3.0.2",
            "resolved": "https://registry.npmjs.org/spdx-license-ids/-/spdx-license-ids-3.0.2.tgz",
            "integrity": "sha512-qky9CVt0lVIECkEsYbNILVnPvycuEBkXoMFLRWsREkomQLevYhtRKC+R91a5TOAQ3bCMjikRwhyaRqj1VYatYg=="
        },
        "string-width": {
            "version": "1.0.2",
            "resolved": "https://registry.npmjs.org/string-width/-/string-width-1.0.2.tgz",
            "integrity": "sha1-EYvfW4zcUaKn5w0hHgfisLmxB9M=",
            "requires": {
                "code-point-at": "^1.0.0",
                "is-fullwidth-code-point": "^1.0.0",
                "strip-ansi": "^3.0.0"
            }
        },
        "strip-ansi": {
            "version": "3.0.1",
            "resolved": "http://registry.npmjs.org/strip-ansi/-/strip-ansi-3.0.1.tgz",
            "integrity": "sha1-ajhfuIU9lS1f8F0Oiq+UJ43GPc8=",
            "requires": {
                "ansi-regex": "^2.0.0"
            }
        },
        "ts-node": {
            "version": "7.0.1",
            "resolved": "https://registry.npmjs.org/ts-node/-/ts-node-7.0.1.tgz",
            "integrity": "sha512-BVwVbPJRspzNh2yfslyT1PSbl5uIk03EZlb493RKHN4qej/D06n1cEhjlOJG69oFsE7OT8XjpTUcYf6pKTLMhw==",
            "requires": {
                "arrify": "^1.0.0",
                "buffer-from": "^1.1.0",
                "diff": "^3.1.0",
                "make-error": "^1.1.1",
                "minimist": "^1.2.0",
                "mkdirp": "^0.5.1",
                "source-map-support": "^0.5.6",
                "yn": "^2.0.0"
            },
            "dependencies": {
                "source-map": {
                    "version": "0.6.1",
                    "resolved": "https://registry.npmjs.org/source-map/-/source-map-0.6.1.tgz",
                    "integrity": "sha512-UjgapumWlbMhkBgzT7Ykc5YXUT46F0iKu8SGXq0bcwP5dz/h0Plj6enJqjz1Zbq2l5WaqYnrVbwWOWMyF3F47g=="
                },
                "source-map-support": {
                    "version": "0.5.9",
                    "resolved": "https://registry.npmjs.org/source-map-support/-/source-map-support-0.5.9.tgz",
                    "integrity": "sha512-gR6Rw4MvUlYy83vP0vxoVNzM6t8MUXqNuRsuBmBHQDu1Fh6X015FrLdgoDKcNdkwGubozq0P4N0Q37UyFVr1EA==",
                    "requires": {
                        "buffer-from": "^1.0.0",
                        "source-map": "^0.6.0"
                    }
                }
            }
        },
        "typescript": {
            "version": "3.1.6",
            "resolved": "https://registry.npmjs.org/typescript/-/typescript-3.1.6.tgz",
            "integrity": "sha512-tDMYfVtvpb96msS1lDX9MEdHrW4yOuZ4Kdc4Him9oU796XldPYF/t2+uKoX0BBa0hXXwDlqYQbXY5Rzjzc5hBA=="
        },
        "upath": {
            "version": "1.1.0",
            "resolved": "https://registry.npmjs.org/upath/-/upath-1.1.0.tgz",
            "integrity": "sha512-bzpH/oBhoS/QI/YtbkqCg6VEiPYjSZtrHQM6/QnJS6OL9pKUFLqb3aFh4Scvwm45+7iAgiMkLhSbaZxUqmrprw=="
        },
        "validate-npm-package-license": {
            "version": "3.0.4",
            "resolved": "https://registry.npmjs.org/validate-npm-package-license/-/validate-npm-package-license-3.0.4.tgz",
            "integrity": "sha512-DpKm2Ui/xN7/HQKCtpZxoRWBhZ9Z0kqtygG8XCgNQ8ZlDnxuQmWhj566j8fN4Cu3/JmbhsDo7fcAJq4s9h27Ew==",
            "requires": {
                "spdx-correct": "^3.0.0",
                "spdx-expression-parse": "^3.0.0"
            }
        },
        "window-size": {
            "version": "0.1.4",
            "resolved": "https://registry.npmjs.org/window-size/-/window-size-0.1.4.tgz",
            "integrity": "sha1-+OGqHuWlPsW/FR/6CXQqatdpeHY="
        },
        "wrap-ansi": {
            "version": "2.1.0",
            "resolved": "http://registry.npmjs.org/wrap-ansi/-/wrap-ansi-2.1.0.tgz",
            "integrity": "sha1-2Pw9KE3QV5T+hJc8rs3Rz4JP3YU=",
            "requires": {
                "string-width": "^1.0.1",
                "strip-ansi": "^3.0.1"
            }
        },
        "wrappy": {
            "version": "1.0.2",
            "resolved": "https://registry.npmjs.org/wrappy/-/wrappy-1.0.2.tgz",
            "integrity": "sha1-tSQ9jz7BqjXxNkYFvA0QNuMKtp8="
        },
        "y18n": {
            "version": "3.2.1",
            "resolved": "https://registry.npmjs.org/y18n/-/y18n-3.2.1.tgz",
            "integrity": "sha1-bRX7qITAhnnA136I53WegR4H+kE="
        },
        "yargs": {
            "version": "3.32.0",
            "resolved": "http://registry.npmjs.org/yargs/-/yargs-3.32.0.tgz",
            "integrity": "sha1-AwiOnr+edWtpdRYR0qXvWRSCyZU=",
            "requires": {
                "camelcase": "^2.0.1",
                "cliui": "^3.0.3",
                "decamelize": "^1.1.1",
                "os-locale": "^1.4.0",
                "string-width": "^1.0.1",
                "window-size": "^0.1.4",
                "y18n": "^3.2.0"
            }
        },
        "yn": {
            "version": "2.0.0",
            "resolved": "https://registry.npmjs.org/yn/-/yn-2.0.0.tgz",
            "integrity": "sha1-5a2ryKz0CPY4X8dklWhMiOavaJo="
        }
    }
}
